PODS:
  - Alamofire (4.7.3)
  - Kingfisher (5.3.1)
  - Realm (3.11.2):
    - Realm/Headers (= 3.11.2)
  - Realm/Headers (3.11.2)
  - RealmSwift (3.11.2):
    - Realm (= 3.11.2)
  - RxSwift (4.5.0)

DEPENDENCIES:
  - Alamofire
  - Kingfisher
  - RealmSwift
  - RxSwift

SPEC REPOS:
  https://github.com/cocoapods/specs.git:
    - Alamofire
    - Kingfisher
    - Realm
    - RealmSwift
    - RxSwift

SPEC CHECKSUMS:
  Alamofire: c7287b6e5d7da964a70935e5db17046b7fde6568
  Kingfisher: d9e7e0b209b59b8f9873aa2f37654e81a7beea51
  Realm: 864477d028db77f7c5a0cba64a4892ad53db128a
  RealmSwift: 12b8262fc08020b47de4fd88eb3d5c9425b34ec7
  RxSwift: f172070dfd1a93d70a9ab97a5a01166206e1c575

PODFILE CHECKSUM: dc80b313e82f03757e5717e69871d0d53819d703

COCOAPODS: 1.6.1
